
Microsoft Visual Studio Solution File, Format Version 12.00
# Visual Studio Version 17
VisualStudioVersion = 17.9.34728.123
MinimumVisualStudioVersion = 10.0.40219.1
Project("{FAE04EC0-301F-11D3-BF4B-00C04F79EFBC}") = "DemoBlazorWebApp", "DemoBlazorWebApp\DemoBlazorWebApp.csproj", "{18BE8CD8-1D7D-45F4-A5C5-E20BDB72E01C}"
EndProject
Global
	GlobalSection(SolutionConfigurationPlatforms) = preSolution
		Debug|Any CPU = Debug|Any CPU
		Release|Any CPU = Release|Any CPU
	EndGlobalSection
	GlobalSection(ProjectConfigurationPlatforms) = postSolution
		{18BE8CD8-1D7D-45F4-A5C5-E20BDB72E01C}.Debug|Any CPU.ActiveCfg = Debug|Any CPU
		{18BE8CD8-1D7D-45F4-A5C5-E20BDB72E01C}.Debug|Any CPU.Build.0 = Debug|Any CPU
		{18BE8CD8-1D7D-45F4-A5C5-E20BDB72E01C}.Release|Any CPU.ActiveCfg = Release|Any CPU
		{18BE8CD8-1D7D-45F4-A5C5-E20BDB72E01C}.Release|Any CPU.Build.0 = Release|Any CPU
	EndGlobalSection
	GlobalSection(SolutionProperties) = preSolution
		HideSolutionNode = FALSE
	EndGlobalSection
	GlobalSection(ExtensibilityGlobals) = postSolution
		SolutionGuid = {F097243F-78EA-4429-A9A9-C5F42658F172}
	EndGlobalSection
EndGlobal
